PODS:
  - Amplify (1.23.1):
    - Amplify/Default (= 1.23.1)
  - Amplify/Default (1.23.1)
  - AmplifyPlugins/AWSCognitoAuthPlugin (1.23.1):
    - AWSAuthCore (~> 2.27.0)
    - AWSCognitoIdentityProvider (~> 2.27.0)
    - AWSCognitoIdentityProviderASF (~> 2.27.0)
    - AWSCore (~> 2.27.0)
    - AWSMobileClient (~> 2.27.0)
    - AWSPluginsCore (= 1.23.1)
  - AWSAuthCore (2.27.7):
    - AWSCore (= 2.27.7)
  - AWSCognitoIdentityProvider (2.27.7):
    - AWSCognitoIdentityProviderASF (= 2.27.7)
    - AWSCore (= 2.27.7)
  - AWSCognitoIdentityProviderASF (2.27.7):
    - AWSCore (= 2.27.7)
  - AWSCore (2.27.7)
  - AWSMobileClient (2.27.7):
    - AWSAuthCore (= 2.27.7)
    - AWSCognitoIdentityProvider (= 2.27.7)
    - AWSCognitoIdentityProviderASF (= 2.27.7)
    - AWSCore (= 2.27.7)
  - AWSPluginsCore (1.23.1):
    - Amplify (= 1.23.1)
    - AWSCore (~> 2.27.0)
  - Capacitor (3.5.0):
    - CapacitorCordova
  - CapacitorCordova (3.5.0)
  - LineSDKSwift (5.8.1):
    - LineSDKSwift/Core (= 5.8.1)
  - LineSDKSwift/Core (5.8.1)

DEPENDENCIES:
  - Amplify
  - AmplifyPlugins/AWSCognitoAuthPlugin
  - "Capacitor (from `../../node_modules/@capacitor/ios`)"
  - "CapacitorCordova (from `../../node_modules/@capacitor/ios`)"
  - LineSDKSwift (~> 5.0)

SPEC REPOS:
  trunk:
    - Amplify
    - AmplifyPlugins
    - AWSAuthCore
    - AWSCognitoIdentityProvider
    - AWSCognitoIdentityProviderASF
    - AWSCore
    - AWSMobileClient
    - AWSPluginsCore
    - LineSDKSwift

EXTERNAL SOURCES:
  Capacitor:
    :path: "../../node_modules/@capacitor/ios"
  CapacitorCordova:
    :path: "../../node_modules/@capacitor/ios"

SPEC CHECKSUMS:
  Amplify: e420feae21071215f3170ead85745a658b75ae41
  AmplifyPlugins: b2bd45a64ef2f8c842272c85bf7775a3974f34aa
  AWSAuthCore: 039a730c4608a862e114a7eabcf09e1451335a75
  AWSCognitoIdentityProvider: b8d5b7a15d1b418658e591fce2aec82091254f0e
  AWSCognitoIdentityProviderASF: 70269c1a788f3705d98e31dc8c8cebfa32535103
  AWSCore: 9b302330a83a8c0ea1a22b1f115d6af14f4429e3
  AWSMobileClient: c9063df967681d42522c2e19804d6cfca45361e4
  AWSPluginsCore: e2c7787adb9c716c871b39ee1f64806d987a92c0
  Capacitor: f19b782e4ca1861bd360b6c1ccf6981b0c399fe9
  CapacitorCordova: 77bc39f20e91cce681a579b2fd728f2d8ef8c93c
  LineSDKSwift: 55ea1486ad3b2802b7e00f80aeb5844e3ed3faa3

PODFILE CHECKSUM: 4b43ce093a9dd167b3a0d142d2929c4b247f4774

COCOAPODS: 1.11.3
